// !$*UTF8*$!
{
	archiveVersion = 1;
	classes = {
	};
	objectVersion = 48;
	objects = {

/* Begin PBXBuildFile section */
		095076647F83BE265956DDFB /* Pods_Templator.framework in Frameworks */ = {isa = PBXBuildFile; fileRef = C5802BB41A3AD7EA4890A756 /* Pods_Templator.framework */; };
		11910F61080341253665D68A /* Pods_TemplatorTests.framework in Frameworks */ = {isa = PBXBuildFile; fileRef = 60671D03C97DDE6920EE1BFE /* Pods_TemplatorTests.framework */; };
		152368381F5F4559002E46E0 /* TextFieldCell.swift in Sources */ = {isa = PBXBuildFile; fileRef = 152368371F5F4559002E46E0 /* TextFieldCell.swift */; };
		1523683A1F5F5398002E46E0 /* PropertiesTableManager.swift in Sources */ = {isa = PBXBuildFile; fileRef = 152368391F5F5398002E46E0 /* PropertiesTableManager.swift */; };
		1523683C1F60177C002E46E0 /* ContentTabViewController.swift in Sources */ = {isa = PBXBuildFile; fileRef = 1523683B1F60177C002E46E0 /* ContentTabViewController.swift */; };
		1523683D1F60177C002E46E0 /* ContentTabViewController.swift in Sources */ = {isa = PBXBuildFile; fileRef = 1523683B1F60177C002E46E0 /* ContentTabViewController.swift */; };
		152368401F601AD6002E46E0 /* NSView+Color.swift in Sources */ = {isa = PBXBuildFile; fileRef = 1523683F1F601AD6002E46E0 /* NSView+Color.swift */; };
		152368411F601AD6002E46E0 /* NSView+Color.swift in Sources */ = {isa = PBXBuildFile; fileRef = 1523683F1F601AD6002E46E0 /* NSView+Color.swift */; };
		152368431F601B3D002E46E0 /* ContentViewController.swift in Sources */ = {isa = PBXBuildFile; fileRef = 152368421F601B3D002E46E0 /* ContentViewController.swift */; };
		152368441F601B3D002E46E0 /* ContentViewController.swift in Sources */ = {isa = PBXBuildFile; fileRef = 152368421F601B3D002E46E0 /* ContentViewController.swift */; };
		152368461F605080002E46E0 /* BaseClasses.swift in Sources */ = {isa = PBXBuildFile; fileRef = 152368451F605080002E46E0 /* BaseClasses.swift */; };
		152368471F605080002E46E0 /* BaseClasses.swift in Sources */ = {isa = PBXBuildFile; fileRef = 152368451F605080002E46E0 /* BaseClasses.swift */; };
		1554AAF51F5D70C0007AA9C9 /* AppDelegate.swift in Sources */ = {isa = PBXBuildFile; fileRef = 1554AAF41F5D70C0007AA9C9 /* AppDelegate.swift */; };
		1554AAF71F5D70C0007AA9C9 /* ViewController.swift in Sources */ = {isa = PBXBuildFile; fileRef = 1554AAF61F5D70C0007AA9C9 /* ViewController.swift */; };
		1554AAF91F5D70C0007AA9C9 /* Assets.xcassets in Resources */ = {isa = PBXBuildFile; fileRef = 1554AAF81F5D70C0007AA9C9 /* Assets.xcassets */; };
		1554AAFC1F5D70C0007AA9C9 /* Main.storyboard in Resources */ = {isa = PBXBuildFile; fileRef = 1554AAFA1F5D70C0007AA9C9 /* Main.storyboard */; };
		1554AB081F5D70C0007AA9C9 /* TemplatorTests.swift in Sources */ = {isa = PBXBuildFile; fileRef = 1554AB071F5D70C0007AA9C9 /* TemplatorTests.swift */; };
		1554AB131F5D70C0007AA9C9 /* TemplatorUITests.swift in Sources */ = {isa = PBXBuildFile; fileRef = 1554AB121F5D70C0007AA9C9 /* TemplatorUITests.swift */; };
		1554AB221F5D7697007AA9C9 /* Templator.swift in Sources */ = {isa = PBXBuildFile; fileRef = 1554AB211F5D7697007AA9C9 /* Templator.swift */; };
		1554AB231F5D7697007AA9C9 /* Templator.swift in Sources */ = {isa = PBXBuildFile; fileRef = 1554AB211F5D7697007AA9C9 /* Templator.swift */; };
		1554AB251F5D9674007AA9C9 /* TemplatorSettings.swift in Sources */ = {isa = PBXBuildFile; fileRef = 1554AB241F5D9674007AA9C9 /* TemplatorSettings.swift */; };
		1554AB261F5D9674007AA9C9 /* TemplatorSettings.swift in Sources */ = {isa = PBXBuildFile; fileRef = 1554AB241F5D9674007AA9C9 /* TemplatorSettings.swift */; };
		1554AB2E1F5E0C5B007AA9C9 /* Templates.swift in Sources */ = {isa = PBXBuildFile; fileRef = 1554AB2D1F5E0C5B007AA9C9 /* Templates.swift */; };
		1554AB2F1F5E0C5B007AA9C9 /* Templates.swift in Sources */ = {isa = PBXBuildFile; fileRef = 1554AB2D1F5E0C5B007AA9C9 /* Templates.swift */; };
		1554AB351F5E0EB0007AA9C9 /* Files.swift in Sources */ = {isa = PBXBuildFile; fileRef = 1554AB341F5E0EB0007AA9C9 /* Files.swift */; };
		1554AB361F5E0EB0007AA9C9 /* Files.swift in Sources */ = {isa = PBXBuildFile; fileRef = 1554AB341F5E0EB0007AA9C9 /* Files.swift */; };
		1554AB391F5E70A9007AA9C9 /* Header.swift in Sources */ = {isa = PBXBuildFile; fileRef = 1554AB381F5E70A9007AA9C9 /* Header.swift */; };
		1554AB3A1F5E70A9007AA9C9 /* Header.swift in Sources */ = {isa = PBXBuildFile; fileRef = 1554AB381F5E70A9007AA9C9 /* Header.swift */; };
		1554AB3C1F5E70DF007AA9C9 /* MainClass.swift in Sources */ = {isa = PBXBuildFile; fileRef = 1554AB3B1F5E70DF007AA9C9 /* MainClass.swift */; };
		1554AB3D1F5E70DF007AA9C9 /* MainClass.swift in Sources */ = {isa = PBXBuildFile; fileRef = 1554AB3B1F5E70DF007AA9C9 /* MainClass.swift */; };
		156D0FAC1F6081520038D454 /* String+Tools.swift in Sources */ = {isa = PBXBuildFile; fileRef = 156D0FAB1F6081520038D454 /* String+Tools.swift */; };
		156D0FAE1F609CBB0038D454 /* TableView.swift in Sources */ = {isa = PBXBuildFile; fileRef = 156D0FAD1F609CBB0038D454 /* TableView.swift */; };
		156D0FB91F609FF10038D454 /* header.txt in Resources */ = {isa = PBXBuildFile; fileRef = 1554AB311F5E0E2D007AA9C9 /* header.txt */; };
		156D0FBA1F609FF10038D454 /* class.txt in Resources */ = {isa = PBXBuildFile; fileRef = 1554AB3E1F5E964A007AA9C9 /* class.txt */; };
		156D0FBB1F609FF10038D454 /* elements.txt in Resources */ = {isa = PBXBuildFile; fileRef = 1554AB411F5EC142007AA9C9 /* elements.txt */; };
		156D0FBC1F609FF10038D454 /* init-controller.txt in Resources */ = {isa = PBXBuildFile; fileRef = 1554AB441F5EC2DB007AA9C9 /* init-controller.txt */; };
		156D0FBD1F609FF10038D454 /* init-view.txt in Resources */ = {isa = PBXBuildFile; fileRef = 1554AB471F5EC2EC007AA9C9 /* init-view.txt */; };
		156D0FBE1F609FF10038D454 /* init-cell.txt in Resources */ = {isa = PBXBuildFile; fileRef = 1554AB4D1F5EC314007AA9C9 /* init-cell.txt */; };
		156D0FBF1F609FF10038D454 /* snapkit.txt in Resources */ = {isa = PBXBuildFile; fileRef = 1554AB501F5EC9C8007AA9C9 /* snapkit.txt */; };
		156D0FC01F609FF10038D454 /* base-view.txt in Resources */ = {isa = PBXBuildFile; fileRef = 152368481F6051A1002E46E0 /* base-view.txt */; };
		156D0FC11F609FF10038D454 /* base-cell.txt in Resources */ = {isa = PBXBuildFile; fileRef = 1523684B1F6051B9002E46E0 /* base-cell.txt */; };
		156D0FC21F609FF10038D454 /* base-controller.txt in Resources */ = {isa = PBXBuildFile; fileRef = 1523684E1F6051C5002E46E0 /* base-controller.txt */; };
		156D0FC41F60A6E00038D454 /* TextView.swift in Sources */ = {isa = PBXBuildFile; fileRef = 156D0FC31F60A6E00038D454 /* TextView.swift */; };
		15D4FAEE1F5F1DCE00322411 /* SettingsTableManager.swift in Sources */ = {isa = PBXBuildFile; fileRef = 15D4FAED1F5F1DCE00322411 /* SettingsTableManager.swift */; };
		15D4FAEF1F5F1DCE00322411 /* SettingsTableManager.swift in Sources */ = {isa = PBXBuildFile; fileRef = 15D4FAED1F5F1DCE00322411 /* SettingsTableManager.swift */; };
		15D4FAF21F5F2FF100322411 /* CheckboxCell.swift in Sources */ = {isa = PBXBuildFile; fileRef = 15D4FAF11F5F2FF100322411 /* CheckboxCell.swift */; };
		15D4FAF31F5F2FF100322411 /* CheckboxCell.swift in Sources */ = {isa = PBXBuildFile; fileRef = 15D4FAF11F5F2FF100322411 /* CheckboxCell.swift */; };
/* End PBXBuildFile section */

/* Begin PBXContainerItemProxy section */
		1554AB041F5D70C0007AA9C9 /* PBXContainerItemProxy */ = {
			isa = PBXContainerItemProxy;
			containerPortal = 1554AAE91F5D70C0007AA9C9 /* Project object */;
			proxyType = 1;
			remoteGlobalIDString = 1554AAF01F5D70C0007AA9C9;
			remoteInfo = Templator;
		};
		1554AB0F1F5D70C0007AA9C9 /* PBXContainerItemProxy */ = {
			isa = PBXContainerItemProxy;
			containerPortal = 1554AAE91F5D70C0007AA9C9 /* Project object */;
			proxyType = 1;
			remoteGlobalIDString = 1554AAF01F5D70C0007AA9C9;
			remoteInfo = Templator;
		};
/* End PBXContainerItemProxy section */

/* Begin PBXFileReference section */
		152368371F5F4559002E46E0 /* TextFieldCell.swift */ = {isa = PBXFileReference; lastKnownFileType = sourcecode.swift; path = TextFieldCell.swift; sourceTree = "<group>"; };
		152368391F5F5398002E46E0 /* PropertiesTableManager.swift */ = {isa = PBXFileReference; lastKnownFileType = sourcecode.swift; path = PropertiesTableManager.swift; sourceTree = "<group>"; };
		1523683B1F60177C002E46E0 /* ContentTabViewController.swift */ = {isa = PBXFileReference; lastKnownFileType = sourcecode.swift; path = ContentTabViewController.swift; sourceTree = "<group>"; };
		1523683F1F601AD6002E46E0 /* NSView+Color.swift */ = {isa = PBXFileReference; lastKnownFileType = sourcecode.swift; path = "NSView+Color.swift"; sourceTree = "<group>"; };
		152368421F601B3D002E46E0 /* ContentViewController.swift */ = {isa = PBXFileReference; lastKnownFileType = sourcecode.swift; path = ContentViewController.swift; sourceTree = "<group>"; };
		152368451F605080002E46E0 /* BaseClasses.swift */ = {isa = PBXFileReference; lastKnownFileType = sourcecode.swift; path = BaseClasses.swift; sourceTree = "<group>"; };
		152368481F6051A1002E46E0 /* base-view.txt */ = {isa = PBXFileReference; lastKnownFileType = text; path = "base-view.txt"; sourceTree = "<group>"; };
		1523684B1F6051B9002E46E0 /* base-cell.txt */ = {isa = PBXFileReference; lastKnownFileType = text; path = "base-cell.txt"; sourceTree = "<group>"; };
		1523684E1F6051C5002E46E0 /* base-controller.txt */ = {isa = PBXFileReference; lastKnownFileType = text; path = "base-controller.txt"; sourceTree = "<group>"; };
		1554AAF11F5D70C0007AA9C9 /* Templator.app */ = {isa = PBXFileReference; explicitFileType = wrapper.application; includeInIndex = 0; path = Templator.app; sourceTree = BUILT_PRODUCTS_DIR; };
		1554AAF41F5D70C0007AA9C9 /* AppDelegate.swift */ = {isa = PBXFileReference; lastKnownFileType = sourcecode.swift; path = AppDelegate.swift; sourceTree = "<group>"; };
		1554AAF61F5D70C0007AA9C9 /* ViewController.swift */ = {isa = PBXFileReference; lastKnownFileType = sourcecode.swift; path = ViewController.swift; sourceTree = "<group>"; };
		1554AAF81F5D70C0007AA9C9 /* Assets.xcassets */ = {isa = PBXFileReference; lastKnownFileType = folder.assetcatalog; path = Assets.xcassets; sourceTree = "<group>"; };
		1554AAFB1F5D70C0007AA9C9 /* Base */ = {isa = PBXFileReference; lastKnownFileType = file.storyboard; name = Base; path = Base.lproj/Main.storyboard; sourceTree = "<group>"; };
		1554AAFD1F5D70C0007AA9C9 /* Info.plist */ = {isa = PBXFileReference; lastKnownFileType = text.plist.xml; path = Info.plist; sourceTree = "<group>"; };
		1554AAFE1F5D70C0007AA9C9 /* Templator.entitlements */ = {isa = PBXFileReference; lastKnownFileType = text.plist.entitlements; path = Templator.entitlements; sourceTree = "<group>"; };
		1554AB031F5D70C0007AA9C9 /* TemplatorTests.xctest */ = {isa = PBXFileReference; explicitFileType = wrapper.cfbundle; includeInIndex = 0; path = TemplatorTests.xctest; sourceTree = BUILT_PRODUCTS_DIR; };
		1554AB071F5D70C0007AA9C9 /* TemplatorTests.swift */ = {isa = PBXFileReference; lastKnownFileType = sourcecode.swift; path = TemplatorTests.swift; sourceTree = "<group>"; };
		1554AB091F5D70C0007AA9C9 /* Info.plist */ = {isa = PBXFileReference; lastKnownFileType = text.plist.xml; path = Info.plist; sourceTree = "<group>"; };
		1554AB0E1F5D70C0007AA9C9 /* TemplatorUITests.xctest */ = {isa = PBXFileReference; explicitFileType = wrapper.cfbundle; includeInIndex = 0; path = TemplatorUITests.xctest; sourceTree = BUILT_PRODUCTS_DIR; };
		1554AB121F5D70C0007AA9C9 /* TemplatorUITests.swift */ = {isa = PBXFileReference; lastKnownFileType = sourcecode.swift; path = TemplatorUITests.swift; sourceTree = "<group>"; };
		1554AB141F5D70C0007AA9C9 /* Info.plist */ = {isa = PBXFileReference; lastKnownFileType = text.plist.xml; path = Info.plist; sourceTree = "<group>"; };
		1554AB211F5D7697007AA9C9 /* Templator.swift */ = {isa = PBXFileReference; lastKnownFileType = sourcecode.swift; path = Templator.swift; sourceTree = "<group>"; };
		1554AB241F5D9674007AA9C9 /* TemplatorSettings.swift */ = {isa = PBXFileReference; lastKnownFileType = sourcecode.swift; path = TemplatorSettings.swift; sourceTree = "<group>"; };
		1554AB2D1F5E0C5B007AA9C9 /* Templates.swift */ = {isa = PBXFileReference; lastKnownFileType = sourcecode.swift; path = Templates.swift; sourceTree = "<group>"; };
		1554AB311F5E0E2D007AA9C9 /* header.txt */ = {isa = PBXFileReference; lastKnownFileType = text; path = header.txt; sourceTree = "<group>"; };
		1554AB341F5E0EB0007AA9C9 /* Files.swift */ = {isa = PBXFileReference; lastKnownFileType = sourcecode.swift; path = Files.swift; sourceTree = "<group>"; };
		1554AB381F5E70A9007AA9C9 /* Header.swift */ = {isa = PBXFileReference; lastKnownFileType = sourcecode.swift; path = Header.swift; sourceTree = "<group>"; };
		1554AB3B1F5E70DF007AA9C9 /* MainClass.swift */ = {isa = PBXFileReference; lastKnownFileType = sourcecode.swift; path = MainClass.swift; sourceTree = "<group>"; };
		1554AB3E1F5E964A007AA9C9 /* class.txt */ = {isa = PBXFileReference; lastKnownFileType = text; path = class.txt; sourceTree = "<group>"; };
		1554AB411F5EC142007AA9C9 /* elements.txt */ = {isa = PBXFileReference; lastKnownFileType = text; path = elements.txt; sourceTree = "<group>"; };
		1554AB441F5EC2DB007AA9C9 /* init-controller.txt */ = {isa = PBXFileReference; lastKnownFileType = text; path = "init-controller.txt"; sourceTree = "<group>"; };
		1554AB471F5EC2EC007AA9C9 /* init-view.txt */ = {isa = PBXFileReference; lastKnownFileType = text; path = "init-view.txt"; sourceTree = "<group>"; };
		1554AB4D1F5EC314007AA9C9 /* init-cell.txt */ = {isa = PBXFileReference; lastKnownFileType = text; path = "init-cell.txt"; sourceTree = "<group>"; };
		1554AB501F5EC9C8007AA9C9 /* snapkit.txt */ = {isa = PBXFileReference; lastKnownFileType = text; path = snapkit.txt; sourceTree = "<group>"; };
		156D0FAB1F6081520038D454 /* String+Tools.swift */ = {isa = PBXFileReference; lastKnownFileType = sourcecode.swift; path = "String+Tools.swift"; sourceTree = "<group>"; };
		156D0FAD1F609CBB0038D454 /* TableView.swift */ = {isa = PBXFileReference; lastKnownFileType = sourcecode.swift; path = TableView.swift; sourceTree = "<group>"; };
		156D0FC31F60A6E00038D454 /* TextView.swift */ = {isa = PBXFileReference; lastKnownFileType = sourcecode.swift; path = TextView.swift; sourceTree = "<group>"; };
		15D4FAED1F5F1DCE00322411 /* SettingsTableManager.swift */ = {isa = PBXFileReference; lastKnownFileType = sourcecode.swift; path = SettingsTableManager.swift; sourceTree = "<group>"; };
		15D4FAF11F5F2FF100322411 /* CheckboxCell.swift */ = {isa = PBXFileReference; lastKnownFileType = sourcecode.swift; path = CheckboxCell.swift; sourceTree = "<group>"; };
		60671D03C97DDE6920EE1BFE /* Pods_TemplatorTests.framework */ = {isa = PBXFileReference; explicitFileType = wrapper.framework; includeInIndex = 0; path = Pods_TemplatorTests.framework; sourceTree = BUILT_PRODUCTS_DIR; };
		8C9B3C1D3CB2DDFB8F168BE3 /* Pods-Templator.debug.xcconfig */ = {isa = PBXFileReference; includeInIndex = 1; lastKnownFileType = text.xcconfig; name = "Pods-Templator.debug.xcconfig"; path = "Pods/Target Support Files/Pods-Templator/Pods-Templator.debug.xcconfig"; sourceTree = "<group>"; };
		C063082D5A2A2FC6F9C69FCE /* Pods-TemplatorTests.release.xcconfig */ = {isa = PBXFileReference; includeInIndex = 1; lastKnownFileType = text.xcconfig; name = "Pods-TemplatorTests.release.xcconfig"; path = "Pods/Target Support Files/Pods-TemplatorTests/Pods-TemplatorTests.release.xcconfig"; sourceTree = "<group>"; };
		C3E6B51A9D22438698F11FFB /* Pods-TemplatorTests.debug.xcconfig */ = {isa = PBXFileReference; includeInIndex = 1; lastKnownFileType = text.xcconfig; name = "Pods-TemplatorTests.debug.xcconfig"; path = "Pods/Target Support Files/Pods-TemplatorTests/Pods-TemplatorTests.debug.xcconfig"; sourceTree = "<group>"; };
		C5802BB41A3AD7EA4890A756 /* Pods_Templator.framework */ = {isa = PBXFileReference; explicitFileType = wrapper.framework; includeInIndex = 0; path = Pods_Templator.framework; sourceTree = BUILT_PRODUCTS_DIR; };
		DB31F91803A09B78C8750BAE /* Pods-Templator.release.xcconfig */ = {isa = PBXFileReference; includeInIndex = 1; lastKnownFileType = text.xcconfig; name = "Pods-Templator.release.xcconfig"; path = "Pods/Target Support Files/Pods-Templator/Pods-Templator.release.xcconfig"; sourceTree = "<group>"; };
/* End PBXFileReference section */

/* Begin PBXFrameworksBuildPhase section */
		1554AAEE1F5D70C0007AA9C9 /* Frameworks */ = {
			isa = PBXFrameworksBuildPhase;
			buildActionMask = 2147483647;
			files = (
				095076647F83BE265956DDFB /* Pods_Templator.framework in Frameworks */,
			);
			runOnlyForDeploymentPostprocessing = 0;
		};
		1554AB001F5D70C0007AA9C9 /* Frameworks */ = {
			isa = PBXFrameworksBuildPhase;
			buildActionMask = 2147483647;
			files = (
				11910F61080341253665D68A /* Pods_TemplatorTests.framework in Frameworks */,
			);
			runOnlyForDeploymentPostprocessing = 0;
		};
		1554AB0B1F5D70C0007AA9C9 /* Frameworks */ = {
			isa = PBXFrameworksBuildPhase;
			buildActionMask = 2147483647;
			files = (
			);
			runOnlyForDeploymentPostprocessing = 0;
		};
/* End PBXFrameworksBuildPhase section */

/* Begin PBXGroup section */
		1523683E1F601AC6002E46E0 /* Extensions */ = {
			isa = PBXGroup;
			children = (
				1523683F1F601AD6002E46E0 /* NSView+Color.swift */,
				156D0FAB1F6081520038D454 /* String+Tools.swift */,
			);
			path = Extensions;
			sourceTree = "<group>";
		};
		1554AAE81F5D70C0007AA9C9 = {
			isa = PBXGroup;
			children = (
				1554AAF31F5D70C0007AA9C9 /* Templator */,
				1554AB061F5D70C0007AA9C9 /* TemplatorTests */,
				1554AB111F5D70C0007AA9C9 /* TemplatorUITests */,
				1554AAF21F5D70C0007AA9C9 /* Products */,
				8C2C4799784985AB0DB6AB7F /* Pods */,
				9D269E534BC4CD1AB28EDED2 /* Frameworks */,
			);
			sourceTree = "<group>";
		};
		1554AAF21F5D70C0007AA9C9 /* Products */ = {
			isa = PBXGroup;
			children = (
				1554AAF11F5D70C0007AA9C9 /* Templator.app */,
				1554AB031F5D70C0007AA9C9 /* TemplatorTests.xctest */,
				1554AB0E1F5D70C0007AA9C9 /* TemplatorUITests.xctest */,
			);
			name = Products;
			sourceTree = "<group>";
		};
		1554AAF31F5D70C0007AA9C9 /* Templator */ = {
			isa = PBXGroup;
			children = (
				1523683E1F601AC6002E46E0 /* Extensions */,
				1554AB201F5D7678007AA9C9 /* Libs */,
				15D4FAF01F5F2F4F00322411 /* Views */,
				15CC0EEE1F5F1D20001FA447 /* Table managers */,
				15CC0EF01F5F1D7B001FA447 /* View controllers */,
				1554AAF41F5D70C0007AA9C9 /* AppDelegate.swift */,
				15CC0EEF1F5F1D35001FA447 /* Supporting files */,
			);
			path = Templator;
			sourceTree = "<group>";
		};
		1554AB061F5D70C0007AA9C9 /* TemplatorTests */ = {
			isa = PBXGroup;
			children = (
				1554AB071F5D70C0007AA9C9 /* TemplatorTests.swift */,
				1554AB091F5D70C0007AA9C9 /* Info.plist */,
			);
			path = TemplatorTests;
			sourceTree = "<group>";
		};
		1554AB111F5D70C0007AA9C9 /* TemplatorUITests */ = {
			isa = PBXGroup;
			children = (
				1554AB121F5D70C0007AA9C9 /* TemplatorUITests.swift */,
				1554AB141F5D70C0007AA9C9 /* Info.plist */,
			);
			path = TemplatorUITests;
			sourceTree = "<group>";
		};
		1554AB201F5D7678007AA9C9 /* Libs */ = {
			isa = PBXGroup;
			children = (
				1554AB371F5E709C007AA9C9 /* Header */,
				1554AB211F5D7697007AA9C9 /* Templator.swift */,
				1554AB241F5D9674007AA9C9 /* TemplatorSettings.swift */,
				1554AB2D1F5E0C5B007AA9C9 /* Templates.swift */,
				1554AB341F5E0EB0007AA9C9 /* Files.swift */,
			);
			path = Libs;
			sourceTree = "<group>";
		};
		1554AB301F5E0E09007AA9C9 /* Resources */ = {
			isa = PBXGroup;
			children = (
				1554AB311F5E0E2D007AA9C9 /* header.txt */,
				1554AB3E1F5E964A007AA9C9 /* class.txt */,
				1554AB411F5EC142007AA9C9 /* elements.txt */,
				1554AB441F5EC2DB007AA9C9 /* init-controller.txt */,
				1554AB471F5EC2EC007AA9C9 /* init-view.txt */,
				1554AB4D1F5EC314007AA9C9 /* init-cell.txt */,
				1554AB501F5EC9C8007AA9C9 /* snapkit.txt */,
				152368481F6051A1002E46E0 /* base-view.txt */,
				1523684B1F6051B9002E46E0 /* base-cell.txt */,
				1523684E1F6051C5002E46E0 /* base-controller.txt */,
			);
			path = Resources;
			sourceTree = "<group>";
		};
		1554AB371F5E709C007AA9C9 /* Header */ = {
			isa = PBXGroup;
			children = (
				1554AB381F5E70A9007AA9C9 /* Header.swift */,
				1554AB3B1F5E70DF007AA9C9 /* MainClass.swift */,
				152368451F605080002E46E0 /* BaseClasses.swift */,
			);
			path = Header;
			sourceTree = "<group>";
		};
		15CC0EEE1F5F1D20001FA447 /* Table managers */ = {
			isa = PBXGroup;
			children = (
				15D4FAED1F5F1DCE00322411 /* SettingsTableManager.swift */,
				152368391F5F5398002E46E0 /* PropertiesTableManager.swift */,
			);
			path = "Table managers";
			sourceTree = "<group>";
		};
		15CC0EEF1F5F1D35001FA447 /* Supporting files */ = {
			isa = PBXGroup;
			children = (
				1554AB301F5E0E09007AA9C9 /* Resources */,
				1554AAFA1F5D70C0007AA9C9 /* Main.storyboard */,
				1554AAF81F5D70C0007AA9C9 /* Assets.xcassets */,
				1554AAFD1F5D70C0007AA9C9 /* Info.plist */,
				1554AAFE1F5D70C0007AA9C9 /* Templator.entitlements */,
			);
			path = "Supporting files";
			sourceTree = "<group>";
		};
		15CC0EF01F5F1D7B001FA447 /* View controllers */ = {
			isa = PBXGroup;
			children = (
				1554AAF61F5D70C0007AA9C9 /* ViewController.swift */,
				1523683B1F60177C002E46E0 /* ContentTabViewController.swift */,
				152368421F601B3D002E46E0 /* ContentViewController.swift */,
			);
			path = "View controllers";
			sourceTree = "<group>";
		};
		15D4FAF01F5F2F4F00322411 /* Views */ = {
			isa = PBXGroup;
			children = (
				15D4FAF11F5F2FF100322411 /* CheckboxCell.swift */,
				152368371F5F4559002E46E0 /* TextFieldCell.swift */,
				156D0FAD1F609CBB0038D454 /* TableView.swift */,
				156D0FC31F60A6E00038D454 /* TextView.swift */,
			);
			path = Views;
			sourceTree = "<group>";
		};
		8C2C4799784985AB0DB6AB7F /* Pods */ = {
			isa = PBXGroup;
			children = (
				8C9B3C1D3CB2DDFB8F168BE3 /* Pods-Templator.debug.xcconfig */,
				DB31F91803A09B78C8750BAE /* Pods-Templator.release.xcconfig */,
				C3E6B51A9D22438698F11FFB /* Pods-TemplatorTests.debug.xcconfig */,
				C063082D5A2A2FC6F9C69FCE /* Pods-TemplatorTests.release.xcconfig */,
			);
			name = Pods;
			sourceTree = "<group>";
		};
		9D269E534BC4CD1AB28EDED2 /* Frameworks */ = {
			isa = PBXGroup;
			children = (
				C5802BB41A3AD7EA4890A756 /* Pods_Templator.framework */,
				60671D03C97DDE6920EE1BFE /* Pods_TemplatorTests.framework */,
			);
			name = Frameworks;
			sourceTree = "<group>";
		};
/* End PBXGroup section */

/* Begin PBXNativeTarget section */
		1554AAF01F5D70C0007AA9C9 /* Templator */ = {
			isa = PBXNativeTarget;
			buildConfigurationList = 1554AB171F5D70C0007AA9C9 /* Build configuration list for PBXNativeTarget "Templator" */;
			buildPhases = (
				4D7DADFB04BD45BA8F5A4EB8 /* [CP] Check Pods Manifest.lock */,
				1554AAED1F5D70C0007AA9C9 /* Sources */,
				1554AAEE1F5D70C0007AA9C9 /* Frameworks */,
				1554AAEF1F5D70C0007AA9C9 /* Resources */,
				4A706B1EED9839E305FAD348 /* [CP] Embed Pods Frameworks */,
				13E1357FC83D0B357B3C1D3B /* [CP] Copy Pods Resources */,
			);
			buildRules = (
			);
			dependencies = (
			);
			name = Templator;
			productName = Templator;
			productReference = 1554AAF11F5D70C0007AA9C9 /* Templator.app */;
			productType = "com.apple.product-type.application";
		};
		1554AB021F5D70C0007AA9C9 /* TemplatorTests */ = {
			isa = PBXNativeTarget;
			buildConfigurationList = 1554AB1A1F5D70C0007AA9C9 /* Build configuration list for PBXNativeTarget "TemplatorTests" */;
			buildPhases = (
				9B4CDD296466A436117038A1 /* [CP] Check Pods Manifest.lock */,
				1554AAFF1F5D70C0007AA9C9 /* Sources */,
				1554AB001F5D70C0007AA9C9 /* Frameworks */,
				1554AB011F5D70C0007AA9C9 /* Resources */,
				3291E8FCA0F010E7EB0337A6 /* [CP] Embed Pods Frameworks */,
				E24701614BE6D71762FD98F8 /* [CP] Copy Pods Resources */,
			);
			buildRules = (
			);
			dependencies = (
				1554AB051F5D70C0007AA9C9 /* PBXTargetDependency */,
			);
			name = TemplatorTests;
			productName = TemplatorTests;
			productReference = 1554AB031F5D70C0007AA9C9 /* TemplatorTests.xctest */;
			productType = "com.apple.product-type.bundle.unit-test";
		};
		1554AB0D1F5D70C0007AA9C9 /* TemplatorUITests */ = {
			isa = PBXNativeTarget;
			buildConfigurationList = 1554AB1D1F5D70C0007AA9C9 /* Build configuration list for PBXNativeTarget "TemplatorUITests" */;
			buildPhases = (
				1554AB0A1F5D70C0007AA9C9 /* Sources */,
				1554AB0B1F5D70C0007AA9C9 /* Frameworks */,
				1554AB0C1F5D70C0007AA9C9 /* Resources */,
			);
			buildRules = (
			);
			dependencies = (
				1554AB101F5D70C0007AA9C9 /* PBXTargetDependency */,
			);
			name = TemplatorUITests;
			productName = TemplatorUITests;
			productReference = 1554AB0E1F5D70C0007AA9C9 /* TemplatorUITests.xctest */;
			productType = "com.apple.product-type.bundle.ui-testing";
		};
/* End PBXNativeTarget section */

/* Begin PBXProject section */
		1554AAE91F5D70C0007AA9C9 /* Project object */ = {
			isa = PBXProject;
			attributes = {
				LastSwiftUpdateCheck = 0900;
				LastUpgradeCheck = 0900;
				ORGANIZATIONNAME = "manGoweb UK";
				TargetAttributes = {
					1554AAF01F5D70C0007AA9C9 = {
						CreatedOnToolsVersion = 9.0;
						ProvisioningStyle = Automatic;
					};
					1554AB021F5D70C0007AA9C9 = {
						CreatedOnToolsVersion = 9.0;
						ProvisioningStyle = Automatic;
						TestTargetID = 1554AAF01F5D70C0007AA9C9;
					};
					1554AB0D1F5D70C0007AA9C9 = {
						CreatedOnToolsVersion = 9.0;
						ProvisioningStyle = Automatic;
						TestTargetID = 1554AAF01F5D70C0007AA9C9;
					};
				};
			};
			buildConfigurationList = 1554AAEC1F5D70C0007AA9C9 /* Build configuration list for PBXProject "Templator" */;
			compatibilityVersion = "Xcode 8.0";
			developmentRegion = en;
			hasScannedForEncodings = 0;
			knownRegions = (
				en,
				Base,
			);
			mainGroup = 1554AAE81F5D70C0007AA9C9;
			productRefGroup = 1554AAF21F5D70C0007AA9C9 /* Products */;
			projectDirPath = "";
			projectRoot = "";
			targets = (
				1554AAF01F5D70C0007AA9C9 /* Templator */,
				1554AB021F5D70C0007AA9C9 /* TemplatorTests */,
				1554AB0D1F5D70C0007AA9C9 /* TemplatorUITests */,
			);
		};
/* End PBXProject section */

/* Begin PBXResourcesBuildPhase section */
		1554AAEF1F5D70C0007AA9C9 /* Resources */ = {
			isa = PBXResourcesBuildPhase;
			buildActionMask = 2147483647;
			files = (
				156D0FB91F609FF10038D454 /* header.txt in Resources */,
				156D0FBA1F609FF10038D454 /* class.txt in Resources */,
				156D0FBB1F609FF10038D454 /* elements.txt in Resources */,
				156D0FBC1F609FF10038D454 /* init-controller.txt in Resources */,
				156D0FBD1F609FF10038D454 /* init-view.txt in Resources */,
				156D0FBE1F609FF10038D454 /* init-cell.txt in Resources */,
				156D0FBF1F609FF10038D454 /* snapkit.txt in Resources */,
				156D0FC01F609FF10038D454 /* base-view.txt in Resources */,
				156D0FC11F609FF10038D454 /* base-cell.txt in Resources */,
				156D0FC21F609FF10038D454 /* base-controller.txt in Resources */,
				1554AAF91F5D70C0007AA9C9 /* Assets.xcassets in Resources */,
				1554AAFC1F5D70C0007AA9C9 /* Main.storyboard in Resources */,
			);
			runOnlyForDeploymentPostprocessing = 0;
		};
		1554AB011F5D70C0007AA9C9 /* Resources */ = {
			isa = PBXResourcesBuildPhase;
			buildActionMask = 2147483647;
			files = (
			);
			runOnlyForDeploymentPostprocessing = 0;
		};
		1554AB0C1F5D70C0007AA9C9 /* Resources */ = {
			isa = PBXResourcesBuildPhase;
			buildActionMask = 2147483647;
			files = (
			);
			runOnlyForDeploymentPostprocessing = 0;
		};
/* End PBXResourcesBuildPhase section */

/* Begin PBXShellScriptBuildPhase section */
		13E1357FC83D0B357B3C1D3B /* [CP] Copy Pods Resources */ = {
			isa = PBXShellScriptBuildPhase;
			buildActionMask = 2147483647;
			files = (
			);
			inputPaths = (
			);
			name = "[CP] Copy Pods Resources";
			outputPaths = (
			);
			runOnlyForDeploymentPostprocessing = 0;
			shellPath = /bin/sh;
			shellScript = "\"${SRCROOT}/Pods/Target Support Files/Pods-Templator/Pods-Templator-resources.sh\"\n";
			showEnvVarsInLog = 0;
		};
		3291E8FCA0F010E7EB0337A6 /* [CP] Embed Pods Frameworks */ = {
			isa = PBXShellScriptBuildPhase;
			buildActionMask = 2147483647;
			files = (
			);
			inputPaths = (
			);
			name = "[CP] Embed Pods Frameworks";
			outputPaths = (
			);
			runOnlyForDeploymentPostprocessing = 0;
			shellPath = /bin/sh;
			shellScript = "\"${SRCROOT}/Pods/Target Support Files/Pods-TemplatorTests/Pods-TemplatorTests-frameworks.sh\"\n";
			showEnvVarsInLog = 0;
		};
		4A706B1EED9839E305FAD348 /* [CP] Embed Pods Frameworks */ = {
			isa = PBXShellScriptBuildPhase;
			buildActionMask = 2147483647;
			files = (
			);
			inputPaths = (
				"${SRCROOT}/Pods/Target Support Files/Pods-Templator/Pods-Templator-frameworks.sh",
				"${BUILT_PRODUCTS_DIR}/SnapKit/SnapKit.framework",
			);
			name = "[CP] Embed Pods Frameworks";
			outputPaths = (
				"${TARGET_BUILD_DIR}/${FRAMEWORKS_FOLDER_PATH}/SnapKit.framework",
			);
			runOnlyForDeploymentPostprocessing = 0;
			shellPath = /bin/sh;
			shellScript = "\"${SRCROOT}/Pods/Target Support Files/Pods-Templator/Pods-Templator-frameworks.sh\"\n";
			showEnvVarsInLog = 0;
		};
		4D7DADFB04BD45BA8F5A4EB8 /* [CP] Check Pods Manifest.lock */ = {
			isa = PBXShellScriptBuildPhase;
			buildActionMask = 2147483647;
			files = (
			);
			inputPaths = (
				"${PODS_PODFILE_DIR_PATH}/Podfile.lock",
				"${PODS_ROOT}/Manifest.lock",
			);
			name = "[CP] Check Pods Manifest.lock";
			outputPaths = (
				"$(DERIVED_FILE_DIR)/Pods-Templator-checkManifestLockResult.txt",
			);
			runOnlyForDeploymentPostprocessing = 0;
			shellPath = /bin/sh;
			shellScript = "diff \"${PODS_PODFILE_DIR_PATH}/Podfile.lock\" \"${PODS_ROOT}/Manifest.lock\" > /dev/null\nif [ $? != 0 ] ; then\n    # print error to STDERR\n    echo \"error: The sandbox is not in sync with the Podfile.lock. Run 'pod install' or update your CocoaPods installation.\" >&2\n    exit 1\nfi\n# This output is used by Xcode 'outputs' to avoid re-running this script phase.\necho \"SUCCESS\" > \"${SCRIPT_OUTPUT_FILE_0}\"\n";
			showEnvVarsInLog = 0;
		};
		9B4CDD296466A436117038A1 /* [CP] Check Pods Manifest.lock */ = {
			isa = PBXShellScriptBuildPhase;
			buildActionMask = 2147483647;
			files = (
			);
			inputPaths = (
				"${PODS_PODFILE_DIR_PATH}/Podfile.lock",
				"${PODS_ROOT}/Manifest.lock",
			);
			name = "[CP] Check Pods Manifest.lock";
			outputPaths = (
				"$(DERIVED_FILE_DIR)/Pods-TemplatorTests-checkManifestLockResult.txt",
			);
			runOnlyForDeploymentPostprocessing = 0;
			shellPath = /bin/sh;
			shellScript = "diff \"${PODS_PODFILE_DIR_PATH}/Podfile.lock\" \"${PODS_ROOT}/Manifest.lock\" > /dev/null\nif [ $? != 0 ] ; then\n    # print error to STDERR\n    echo \"error: The sandbox is not in sync with the Podfile.lock. Run 'pod install' or update your CocoaPods installation.\" >&2\n    exit 1\nfi\n# This output is used by Xcode 'outputs' to avoid re-running this script phase.\necho \"SUCCESS\" > \"${SCRIPT_OUTPUT_FILE_0}\"\n";
			showEnvVarsInLog = 0;
		};
		E24701614BE6D71762FD98F8 /* [CP] Copy Pods Resources */ = {
			isa = PBXShellScriptBuildPhase;
			buildActionMask = 2147483647;
			files = (
			);
			inputPaths = (
			);
			name = "[CP] Copy Pods Resources";
			outputPaths = (
			);
			runOnlyForDeploymentPostprocessing = 0;
			shellPath = /bin/sh;
			shellScript = "\"${SRCROOT}/Pods/Target Support Files/Pods-TemplatorTests/Pods-TemplatorTests-resources.sh\"\n";
			showEnvVarsInLog = 0;
		};
/* End PBXShellScriptBuildPhase section */

/* Begin PBXSourcesBuildPhase section */
		1554AAED1F5D70C0007AA9C9 /* Sources */ = {
			isa = PBXSourcesBuildPhase;
			buildActionMask = 2147483647;
			files = (
				1554AB221F5D7697007AA9C9 /* Templator.swift in Sources */,
				152368401F601AD6002E46E0 /* NSView+Color.swift in Sources */,
				1554AB391F5E70A9007AA9C9 /* Header.swift in Sources */,
				156D0FAC1F6081520038D454 /* String+Tools.swift in Sources */,
				152368381F5F4559002E46E0 /* TextFieldCell.swift in Sources */,
				1554AB351F5E0EB0007AA9C9 /* Files.swift in Sources */,
				152368461F605080002E46E0 /* BaseClasses.swift in Sources */,
				1554AAF71F5D70C0007AA9C9 /* ViewController.swift in Sources */,
				15D4FAF21F5F2FF100322411 /* CheckboxCell.swift in Sources */,
				15D4FAEE1F5F1DCE00322411 /* SettingsTableManager.swift in Sources */,
				1554AAF51F5D70C0007AA9C9 /* AppDelegate.swift in Sources */,
				1523683C1F60177C002E46E0 /* ContentTabViewController.swift in Sources */,
				152368431F601B3D002E46E0 /* ContentViewController.swift in Sources */,
				1554AB2E1F5E0C5B007AA9C9 /* Templates.swift in Sources */,
				1554AB3C1F5E70DF007AA9C9 /* MainClass.swift in Sources */,
				1554AB251F5D9674007AA9C9 /* TemplatorSettings.swift in Sources */,
				1523683A1F5F5398002E46E0 /* PropertiesTableManager.swift in Sources */,
				156D0FC41F60A6E00038D454 /* TextView.swift in Sources */,
				156D0FAE1F609CBB0038D454 /* TableView.swift in Sources */,
			);
			runOnlyForDeploymentPostprocessing = 0;
		};
		1554AAFF1F5D70C0007AA9C9 /* Sources */ = {
			isa = PBXSourcesBuildPhase;
			buildActionMask = 2147483647;
			files = (
				152368411F601AD6002E46E0 /* NSView+Color.swift in Sources */,
				1554AB3A1F5E70A9007AA9C9 /* Header.swift in Sources */,
				15D4FAEF1F5F1DCE00322411 /* SettingsTableManager.swift in Sources */,
				1554AB261F5D9674007AA9C9 /* TemplatorSettings.swift in Sources */,
				152368441F601B3D002E46E0 /* ContentViewController.swift in Sources */,
				1554AB3D1F5E70DF007AA9C9 /* MainClass.swift in Sources */,
				1523683D1F60177C002E46E0 /* ContentTabViewController.swift in Sources */,
				15D4FAF31F5F2FF100322411 /* CheckboxCell.swift in Sources */,
				1554AB361F5E0EB0007AA9C9 /* Files.swift in Sources */,
				1554AB231F5D7697007AA9C9 /* Templator.swift in Sources */,
				1554AB081F5D70C0007AA9C9 /* TemplatorTests.swift in Sources */,
				1554AB2F1F5E0C5B007AA9C9 /* Templates.swift in Sources */,
				152368471F605080002E46E0 /* BaseClasses.swift in Sources */,
			);
			runOnlyForDeploymentPostprocessing = 0;
		};
		1554AB0A1F5D70C0007AA9C9 /* Sources */ = {
			isa = PBXSourcesBuildPhase;
			buildActionMask = 2147483647;
			files = (
				1554AB131F5D70C0007AA9C9 /* TemplatorUITests.swift in Sources */,
			);
			runOnlyForDeploymentPostprocessing = 0;
		};
/* End PBXSourcesBuildPhase section */

/* Begin PBXTargetDependency section */
		1554AB051F5D70C0007AA9C9 /* PBXTargetDependency */ = {
			isa = PBXTargetDependency;
			target = 1554AAF01F5D70C0007AA9C9 /* Templator */;
			targetProxy = 1554AB041F5D70C0007AA9C9 /* PBXContainerItemProxy */;
		};
		1554AB101F5D70C0007AA9C9 /* PBXTargetDependency */ = {
			isa = PBXTargetDependency;
			target = 1554AAF01F5D70C0007AA9C9 /* Templator */;
			targetProxy = 1554AB0F1F5D70C0007AA9C9 /* PBXContainerItemProxy */;
		};
/* End PBXTargetDependency section */

/* Begin PBXVariantGroup section */
		1554AAFA1F5D70C0007AA9C9 /* Main.storyboard */ = {
			isa = PBXVariantGroup;
			children = (
				1554AAFB1F5D70C0007AA9C9 /* Base */,
			);
			name = Main.storyboard;
			sourceTree = "<group>";
		};
/* End PBXVariantGroup section */

/* Begin XCBuildConfiguration section */
		1554AB151F5D70C0007AA9C9 /* Debug */ = {
			isa = XCBuildConfiguration;
			buildSettings = {
				ALWAYS_SEARCH_USER_PATHS = NO;
				CLANG_ANALYZER_NONNULL = YES;
				CLANG_ANALYZER_NUMBER_OBJECT_CONVERSION = YES_AGGRESSIVE;
				CLANG_CXX_LANGUAGE_STANDARD = "gnu++14";
				CLANG_CXX_LIBRARY = "libc++";
				CLANG_ENABLE_MODULES = YES;
				CLANG_ENABLE_OBJC_ARC = YES;
				CLANG_WARN_BLOCK_CAPTURE_AUTORELEASING = YES;
				CLANG_WARN_BOOL_CONVERSION = YES;
				CLANG_WARN_COMMA = YES;
				CLANG_WARN_CONSTANT_CONVERSION = YES;
				CLANG_WARN_DIRECT_OBJC_ISA_USAGE = YES_ERROR;
				CLANG_WARN_DOCUMENTATION_COMMENTS = YES;
				CLANG_WARN_EMPTY_BODY = YES;
				CLANG_WARN_ENUM_CONVERSION = YES;
				CLANG_WARN_INFINITE_RECURSION = YES;
				CLANG_WARN_INT_CONVERSION = YES;
				CLANG_WARN_NON_LITERAL_NULL_CONVERSION = YES;
				CLANG_WARN_OBJC_LITERAL_CONVERSION = YES;
				CLANG_WARN_OBJC_ROOT_CLASS = YES_ERROR;
				CLANG_WARN_RANGE_LOOP_ANALYSIS = YES;
				CLANG_WARN_STRICT_PROTOTYPES = YES;
				CLANG_WARN_SUSPICIOUS_MOVE = YES;
				CLANG_WARN_UNGUARDED_AVAILABILITY = YES_AGGRESSIVE;
				CLANG_WARN_UNREACHABLE_CODE = YES;
				CLANG_WARN__DUPLICATE_METHOD_MATCH = YES;
				CODE_SIGN_IDENTITY = "Mac Developer";
				COPY_PHASE_STRIP = NO;
				DEBUG_INFORMATION_FORMAT = dwarf;
				ENABLE_STRICT_OBJC_MSGSEND = YES;
				ENABLE_TESTABILITY = YES;
				GCC_C_LANGUAGE_STANDARD = gnu11;
				GCC_DYNAMIC_NO_PIC = NO;
				GCC_NO_COMMON_BLOCKS = YES;
				GCC_OPTIMIZATION_LEVEL = 0;
				GCC_PREPROCESSOR_DEFINITIONS = (
					"DEBUG=1",
					"$(inherited)",
				);
				GCC_WARN_64_TO_32_BIT_CONVERSION = YES;
				GCC_WARN_ABOUT_RETURN_TYPE = YES_ERROR;
				GCC_WARN_UNDECLARED_SELECTOR = YES;
				GCC_WARN_UNINITIALIZED_AUTOS = YES_AGGRESSIVE;
				GCC_WARN_UNUSED_FUNCTION = YES;
				GCC_WARN_UNUSED_VARIABLE = YES;
				MACOSX_DEPLOYMENT_TARGET = 10.13;
				MTL_ENABLE_DEBUG_INFO = YES;
				ONLY_ACTIVE_ARCH = YES;
				SDKROOT = macosx;
				SWIFT_ACTIVE_COMPILATION_CONDITIONS = DEBUG;
				SWIFT_OPTIMIZATION_LEVEL = "-Onone";
			};
			name = Debug;
		};
		1554AB161F5D70C0007AA9C9 /* Release */ = {
			isa = XCBuildConfiguration;
			buildSettings = {
				ALWAYS_SEARCH_USER_PATHS = NO;
				CLANG_ANALYZER_NONNULL = YES;
				CLANG_ANALYZER_NUMBER_OBJECT_CONVERSION = YES_AGGRESSIVE;
				CLANG_CXX_LANGUAGE_STANDARD = "gnu++14";
				CLANG_CXX_LIBRARY = "libc++";
				CLANG_ENABLE_MODULES = YES;
				CLANG_ENABLE_OBJC_ARC = YES;
				CLANG_WARN_BLOCK_CAPTURE_AUTORELEASING = YES;
				CLANG_WARN_BOOL_CONVERSION = YES;
				CLANG_WARN_COMMA = YES;
				CLANG_WARN_CONSTANT_CONVERSION = YES;
				CLANG_WARN_DIRECT_OBJC_ISA_USAGE = YES_ERROR;
				CLANG_WARN_DOCUMENTATION_COMMENTS = YES;
				CLANG_WARN_EMPTY_BODY = YES;
				CLANG_WARN_ENUM_CONVERSION = YES;
				CLANG_WARN_INFINITE_RECURSION = YES;
				CLANG_WARN_INT_CONVERSION = YES;
				CLANG_WARN_NON_LITERAL_NULL_CONVERSION = YES;
				CLANG_WARN_OBJC_LITERAL_CONVERSION = YES;
				CLANG_WARN_OBJC_ROOT_CLASS = YES_ERROR;
				CLANG_WARN_RANGE_LOOP_ANALYSIS = YES;
				CLANG_WARN_STRICT_PROTOTYPES = YES;
				CLANG_WARN_SUSPICIOUS_MOVE = YES;
				CLANG_WARN_UNGUARDED_AVAILABILITY = YES_AGGRESSIVE;
				CLANG_WARN_UNREACHABLE_CODE = YES;
				CLANG_WARN__DUPLICATE_METHOD_MATCH = YES;
				CODE_SIGN_IDENTITY = "Mac Developer";
				COPY_PHASE_STRIP = NO;
				DEBUG_INFORMATION_FORMAT = "dwarf-with-dsym";
				ENABLE_NS_ASSERTIONS = NO;
				ENABLE_STRICT_OBJC_MSGSEND = YES;
				GCC_C_LANGUAGE_STANDARD = gnu11;
				GCC_NO_COMMON_BLOCKS = YES;
				GCC_WARN_64_TO_32_BIT_CONVERSION = YES;
				GCC_WARN_ABOUT_RETURN_TYPE = YES_ERROR;
				GCC_WARN_UNDECLARED_SELECTOR = YES;
				GCC_WARN_UNINITIALIZED_AUTOS = YES_AGGRESSIVE;
				GCC_WARN_UNUSED_FUNCTION = YES;
				GCC_WARN_UNUSED_VARIABLE = YES;
				MACOSX_DEPLOYMENT_TARGET = 10.13;
				MTL_ENABLE_DEBUG_INFO = NO;
				SDKROOT = macosx;
				SWIFT_OPTIMIZATION_LEVEL = "-Owholemodule";
			};
			name = Release;
		};
		1554AB181F5D70C0007AA9C9 /* Debug */ = {
			isa = XCBuildConfiguration;
			baseConfigurationReference = 8C9B3C1D3CB2DDFB8F168BE3 /* Pods-Templator.debug.xcconfig */;
			buildSettings = {
				ASSETCATALOG_COMPILER_APPICON_NAME = AppIcon;
				CODE_SIGN_ENTITLEMENTS = "Templator/Supporting files/Templator.entitlements";
				CODE_SIGN_IDENTITY = "Mac Developer";
				CODE_SIGN_STYLE = Automatic;
				COMBINE_HIDPI_IMAGES = YES;
				DEVELOPMENT_TEAM = 3R8ZGADY96;
				INFOPLIST_FILE = "Templator/Supporting files/Info.plist";
				LD_RUNPATH_SEARCH_PATHS = "$(inherited) @executable_path/../Frameworks";
				MACOSX_DEPLOYMENT_TARGET = 10.12;
				PRODUCT_BUNDLE_IDENTIFIER = co.uk.mangoweb.templater.Templator;
				PRODUCT_NAME = "$(TARGET_NAME)";
				PROVISIONING_PROFILE_SPECIFIER = "";
				SWIFT_VERSION = 3.0;
			};
			name = Debug;
		};
		1554AB191F5D70C0007AA9C9 /* Release */ = {
			isa = XCBuildConfiguration;
			baseConfigurationReference = DB31F91803A09B78C8750BAE /* Pods-Templator.release.xcconfig */;
			buildSettings = {
				ASSETCATALOG_COMPILER_APPICON_NAME = AppIcon;
				CODE_SIGN_ENTITLEMENTS = "Templator/Supporting files/Templator.entitlements";
				CODE_SIGN_IDENTITY = "Mac Developer";
				CODE_SIGN_STYLE = Automatic;
				COMBINE_HIDPI_IMAGES = YES;
				DEVELOPMENT_TEAM = 3R8ZGADY96;
				INFOPLIST_FILE = "Templator/Supporting files/Info.plist";
				LD_RUNPATH_SEARCH_PATHS = "$(inherited) @executable_path/../Frameworks";
				MACOSX_DEPLOYMENT_TARGET = 10.12;
				PRODUCT_BUNDLE_IDENTIFIER = co.uk.mangoweb.templater.Templator;
				PRODUCT_NAME = "$(TARGET_NAME)";
				PROVISIONING_PROFILE_SPECIFIER = "";
				SWIFT_VERSION = 3.0;
			};
			name = Release;
		};
		1554AB1B1F5D70C0007AA9C9 /* Debug */ = {
			isa = XCBuildConfiguration;
			baseConfigurationReference = C3E6B51A9D22438698F11FFB /* Pods-TemplatorTests.debug.xcconfig */;
			buildSettings = {
				ALWAYS_EMBED_SWIFT_STANDARD_LIBRARIES = YES;
				BUNDLE_LOADER = "$(TEST_HOST)";
				CODE_SIGN_STYLE = Automatic;
				COMBINE_HIDPI_IMAGES = YES;
				DEVELOPMENT_TEAM = 3R8ZGADY96;
				INFOPLIST_FILE = TemplatorTests/Info.plist;
				LD_RUNPATH_SEARCH_PATHS = "$(inherited) @executable_path/../Frameworks @loader_path/../Frameworks";
				PRODUCT_BUNDLE_IDENTIFIER = co.uk.mangoweb.templater.TemplatorTests;
				PRODUCT_NAME = "$(TARGET_NAME)";
				SWIFT_VERSION = 4.0;
				TEST_HOST = "$(BUILT_PRODUCTS_DIR)/Templator.app/Contents/MacOS/Templator";
			};
			name = Debug;
		};
		1554AB1C1F5D70C0007AA9C9 /* Release */ = {
			isa = XCBuildConfiguration;
			baseConfigurationReference = C063082D5A2A2FC6F9C69FCE /* Pods-TemplatorTests.release.xcconfig */;
			buildSettings = {
				ALWAYS_EMBED_SWIFT_STANDARD_LIBRARIES = YES;
				BUNDLE_LOADER = "$(TEST_HOST)";
				CODE_SIGN_STYLE = Automatic;
				COMBINE_HIDPI_IMAGES = YES;
				DEVELOPMENT_TEAM = 3R8ZGADY96;
				INFOPLIST_FILE = TemplatorTests/Info.plist;
				LD_RUNPATH_SEARCH_PATHS = "$(inherited) @executable_path/../Frameworks @loader_path/../Frameworks";
				PRODUCT_BUNDLE_IDENTIFIER = co.uk.mangoweb.templater.TemplatorTests;
				PRODUCT_NAME = "$(TARGET_NAME)";
				SWIFT_VERSION = 4.0;
				TEST_HOST = "$(BUILT_PRODUCTS_DIR)/Templator.app/Contents/MacOS/Templator";
			};
			name = Release;
		};
		1554AB1E1F5D70C0007AA9C9 /* Debug */ = {
			isa = XCBuildConfiguration;
			buildSettings = {
				ALWAYS_EMBED_SWIFT_STANDARD_LIBRARIES = YES;
				CODE_SIGN_STYLE = Automatic;
				COMBINE_HIDPI_IMAGES = YES;
				DEVELOPMENT_TEAM = 3R8ZGADY96;
				INFOPLIST_FILE = TemplatorUITests/Info.plist;
				LD_RUNPATH_SEARCH_PATHS = "$(inherited) @executable_path/../Frameworks @loader_path/../Frameworks";
				PRODUCT_BUNDLE_IDENTIFIER = co.uk.mangoweb.templater.TemplatorUITests;
				PRODUCT_NAME = "$(TARGET_NAME)";
				SWIFT_VERSION = 4.0;
				TEST_TARGET_NAME = Templator;
			};
			name = Debug;
		};
		1554AB1F1F5D70C0007AA9C9 /* Release */ = {
			isa = XCBuildConfiguration;
			buildSettings = {
				ALWAYS_EMBED_SWIFT_STANDARD_LIBRARIES = YES;
				CODE_SIGN_STYLE = Automatic;
				COMBINE_HIDPI_IMAGES = YES;
				DEVELOPMENT_TEAM = 3R8ZGADY96;
				INFOPLIST_FILE = TemplatorUITests/Info.plist;
				LD_RUNPATH_SEARCH_PATHS = "$(inherited) @executable_path/../Frameworks @loader_path/../Frameworks";
				PRODUCT_BUNDLE_IDENTIFIER = co.uk.mangoweb.templater.TemplatorUITests;
				PRODUCT_NAME = "$(TARGET_NAME)";
				SWIFT_VERSION = 4.0;
				TEST_TARGET_NAME = Templator;
			};
			name = Release;
		};
/* End XCBuildConfiguration section */

/* Begin XCConfigurationList section */
		1554AAEC1F5D70C0007AA9C9 /* Build configuration list for PBXProject "Templator" */ = {
			isa = XCConfigurationList;
			buildConfigurations = (
				1554AB151F5D70C0007AA9C9 /* Debug */,
				1554AB161F5D70C0007AA9C9 /* Release */,
			);
			defaultConfigurationIsVisible = 0;
			defaultConfigurationName = Release;
		};
		1554AB171F5D70C0007AA9C9 /* Build configuration list for PBXNativeTarget "Templator" */ = {
			isa = XCConfigurationList;
			buildConfigurations = (
				1554AB181F5D70C0007AA9C9 /* Debug */,
				1554AB191F5D70C0007AA9C9 /* Release */,
			);
			defaultConfigurationIsVisible = 0;
			defaultConfigurationName = Release;
		};
		1554AB1A1F5D70C0007AA9C9 /* Build configuration list for PBXNativeTarget "TemplatorTests" */ = {
			isa = XCConfigurationList;
			buildConfigurations = (
				1554AB1B1F5D70C0007AA9C9 /* Debug */,
				1554AB1C1F5D70C0007AA9C9 /* Release */,
			);
			defaultConfigurationIsVisible = 0;
			defaultConfigurationName = Release;
		};
		1554AB1D1F5D70C0007AA9C9 /* Build configuration list for PBXNativeTarget "TemplatorUITests" */ = {
			isa = XCConfigurationList;
			buildConfigurations = (
				1554AB1E1F5D70C0007AA9C9 /* Debug */,
				1554AB1F1F5D70C0007AA9C9 /* Release */,
			);
			defaultConfigurationIsVisible = 0;
			defaultConfigurationName = Release;
		};
/* End XCConfigurationList section */
	};
	rootObject = 1554AAE91F5D70C0007AA9C9 /* Project object */;
}
